
Microsoft Visual Studio Solution File, Format Version 12.00
# Visual Studio Version 17
VisualStudioVersion = 17.8.34316.72
MinimumVisualStudioVersion = 10.0.40219.1
Project("{FAE04EC0-301F-11D3-BF4B-00C04F79EFBC}") = "ConsoleApp2", "ConsoleApp2\ConsoleApp2.csproj", "{1DAF02F1-167D-4DA0-B6DA-003B5E86C960}"
EndProject
Global
	GlobalSection(SolutionConfigurationPlatforms) = preSolution
		Debug|Any CPU = Debug|Any CPU
		Release|Any CPU = Release|Any CPU
	EndGlobalSection
	GlobalSection(ProjectConfigurationPlatforms) = postSolution
		{1DAF02F1-167D-4DA0-B6DA-003B5E86C960}.Debug|Any CPU.ActiveCfg = Debug|Any CPU
		{1DAF02F1-167D-4DA0-B6DA-003B5E86C960}.Debug|Any CPU.Build.0 = Debug|Any CPU
		{1DAF02F1-167D-4DA0-B6DA-003B5E86C960}.Release|Any CPU.ActiveCfg = Release|Any CPU
		{1DAF02F1-167D-4DA0-B6DA-003B5E86C960}.Release|Any CPU.Build.0 = Release|Any CPU
	EndGlobalSection
	GlobalSection(SolutionProperties) = preSolution
		HideSolutionNode = FALSE
	EndGlobalSection
	GlobalSection(ExtensibilityGlobals) = postSolution
		SolutionGuid = {2743DB21-6777-43CF-90E9-0871BE17FEA3}
	EndGlobalSection
EndGlobal
